
Microsoft Visual Studio Solution File, Format Version 12.00
# Visual Studio Version 17
VisualStudioVersion = 17.13.35818.85
MinimumVisualStudioVersion = 10.0.40219.1
Project("{FAE04EC0-301F-11D3-BF4B-00C04F79EFBC}") = "MBlog.API", "MBlog.API\MBlog.API.csproj", "{ABC389F0-DAD8-40E0-85CF-40DE48919F03}"
EndProject
Project("{FAE04EC0-301F-11D3-BF4B-00C04F79EFBC}") = "MBlog.UI", "MBlog.UI\MBlog.UI.csproj", "{7F4C9B12-1A58-4FF7-A512-B11379D401F7}"
EndProject
Global
	GlobalSection(SolutionConfigurationPlatforms) = preSolution
		Debug|Any CPU = Debug|Any CPU
		Release|Any CPU = Release|Any CPU
	EndGlobalSection
	GlobalSection(ProjectConfigurationPlatforms) = postSolution
		{ABC389F0-DAD8-40E0-85CF-40DE48919F03}.Debug|Any CPU.ActiveCfg = Debug|Any CPU
		{ABC389F0-DAD8-40E0-85CF-40DE48919F03}.Debug|Any CPU.Build.0 = Debug|Any CPU
		{ABC389F0-DAD8-40E0-85CF-40DE48919F03}.Release|Any CPU.ActiveCfg = Release|Any CPU
		{ABC389F0-DAD8-40E0-85CF-40DE48919F03}.Release|Any CPU.Build.0 = Release|Any CPU
		{7F4C9B12-1A58-4FF7-A512-B11379D401F7}.Debug|Any CPU.ActiveCfg = Debug|Any CPU
		{7F4C9B12-1A58-4FF7-A512-B11379D401F7}.Debug|Any CPU.Build.0 = Debug|Any CPU
		{7F4C9B12-1A58-4FF7-A512-B11379D401F7}.Release|Any CPU.ActiveCfg = Release|Any CPU
		{7F4C9B12-1A58-4FF7-A512-B11379D401F7}.Release|Any CPU.Build.0 = Release|Any CPU
	EndGlobalSection
	GlobalSection(SolutionProperties) = preSolution
		HideSolutionNode = FALSE
	EndGlobalSection
	GlobalSection(ExtensibilityGlobals) = postSolution
		SolutionGuid = {D9C5218F-7D1F-44E3-BA68-30AC14FF3AEB}
	EndGlobalSection
EndGlobal
